// !$*UTF8*$!
{
	archiveVersion = 1;
	classes = {
	};
	objectVersion = 55;
	objects = {

/* Begin PBXBuildFile section */
		98A74A0BBFD63A57BE88993C /* Pods_GoogleMaps_FoodDeliveryApp.framework in Frameworks */ = {isa = PBXBuildFile; fileRef = E2F34BABA08BFB824349170C /* Pods_GoogleMaps_FoodDeliveryApp.framework */; };
		B036C40C288520660034A7EA /* Statics.swift in Sources */ = {isa = PBXBuildFile; fileRef = B036C40B288520660034A7EA /* Statics.swift */; };
		B036C40E288523600034A7EA /* NetworkingManager.swift in Sources */ = {isa = PBXBuildFile; fileRef = B036C40D288523600034A7EA /* NetworkingManager.swift */; };
		B036C410288526330034A7EA /* DirectionManager.swift in Sources */ = {isa = PBXBuildFile; fileRef = B036C40F288526330034A7EA /* DirectionManager.swift */; };
		B036C412288528770034A7EA /* MapDirectionModel.swift in Sources */ = {isa = PBXBuildFile; fileRef = B036C411288528770034A7EA /* MapDirectionModel.swift */; };
		B036C414288528D60034A7EA /* MapDirectionViewModel.swift in Sources */ = {isa = PBXBuildFile; fileRef = B036C413288528D60034A7EA /* MapDirectionViewModel.swift */; };
		B036C41628852F0C0034A7EA /* SearchManager.swift in Sources */ = {isa = PBXBuildFile; fileRef = B036C41528852F0C0034A7EA /* SearchManager.swift */; };
		B036C419288546E70034A7EA /* DirectionsView.swift in Sources */ = {isa = PBXBuildFile; fileRef = B036C418288546E70034A7EA /* DirectionsView.swift */; };
		B04F4CD8284098BB00648E76 /* GoogleMaps_FoodDeliveryAppApp.swift in Sources */ = {isa = PBXBuildFile; fileRef = B04F4CD7284098BB00648E76 /* GoogleMaps_FoodDeliveryAppApp.swift */; };
		B04F4CDC284098BC00648E76 /* Assets.xcassets in Resources */ = {isa = PBXBuildFile; fileRef = B04F4CDB284098BC00648E76 /* Assets.xcassets */; };
		B04F4CDF284098BC00648E76 /* Preview Assets.xcassets in Resources */ = {isa = PBXBuildFile; fileRef = B04F4CDE284098BC00648E76 /* Preview Assets.xcassets */; };
		B04F6A2D2887B48600B74989 /* CustomTextField.swift in Sources */ = {isa = PBXBuildFile; fileRef = B04F6A2C2887B48600B74989 /* CustomTextField.swift */; };
		B04F6A2F2887B87A00B74989 /* DirectionSearchView.swift in Sources */ = {isa = PBXBuildFile; fileRef = B04F6A2E2887B87A00B74989 /* DirectionSearchView.swift */; };
		B04F6A322887B9E100B74989 /* DirectionSearchViewModel.swift in Sources */ = {isa = PBXBuildFile; fileRef = B04F6A312887B9E100B74989 /* DirectionSearchViewModel.swift */; };
		B04F6A352887CB7600B74989 /* DirectionMapView.swift in Sources */ = {isa = PBXBuildFile; fileRef = B04F6A342887CB7600B74989 /* DirectionMapView.swift */; };
		B04F6A372887E29900B74989 /* DirectionMapViewController.swift in Sources */ = {isa = PBXBuildFile; fileRef = B04F6A362887E29900B74989 /* DirectionMapViewController.swift */; };
		B04F6A392887E74400B74989 /* DirectionMapViewModel.swift in Sources */ = {isa = PBXBuildFile; fileRef = B04F6A382887E74400B74989 /* DirectionMapViewModel.swift */; };
		B04F6A572889523200B74989 /* DirectionLocationManager.swift in Sources */ = {isa = PBXBuildFile; fileRef = B04F6A562889523200B74989 /* DirectionLocationManager.swift */; };
		B04F6A5B288A84AA00B74989 /* StateHandler.swift in Sources */ = {isa = PBXBuildFile; fileRef = B04F6A5A288A84AA00B74989 /* StateHandler.swift */; };
		B04F6A60288AC4E600B74989 /* InfoView.swift in Sources */ = {isa = PBXBuildFile; fileRef = B04F6A5F288AC4E600B74989 /* InfoView.swift */; };
		B05B5C3728447F1D005B1AB7 /* HomeViewModel.swift in Sources */ = {isa = PBXBuildFile; fileRef = B05B5C3628447F1D005B1AB7 /* HomeViewModel.swift */; };
		B0D6EA32284099B2002D10CE /* HomeView.swift in Sources */ = {isa = PBXBuildFile; fileRef = B0D6EA31284099B2002D10CE /* HomeView.swift */; };
		B0D6EA35284099CD002D10CE /* SearchView.swift in Sources */ = {isa = PBXBuildFile; fileRef = B0D6EA34284099CD002D10CE /* SearchView.swift */; };
		B0D6EA37284099E2002D10CE /* SearchViewModel.swift in Sources */ = {isa = PBXBuildFile; fileRef = B0D6EA36284099E2002D10CE /* SearchViewModel.swift */; };
		B0D6EA3C28409A1E002D10CE /* SearchResultModel.swift in Sources */ = {isa = PBXBuildFile; fileRef = B0D6EA3B28409A1E002D10CE /* SearchResultModel.swift */; };
		B0D6EA3F28409A41002D10CE /* MapViewModel.swift in Sources */ = {isa = PBXBuildFile; fileRef = B0D6EA3E28409A41002D10CE /* MapViewModel.swift */; };
		B0D6EA4128409A48002D10CE /* GoogleMapManager.swift in Sources */ = {isa = PBXBuildFile; fileRef = B0D6EA4028409A48002D10CE /* GoogleMapManager.swift */; };
		B0D6EA4328409A54002D10CE /* MapViewController.swift in Sources */ = {isa = PBXBuildFile; fileRef = B0D6EA4228409A54002D10CE /* MapViewController.swift */; };
		B0D6EA4528409A5B002D10CE /* MapView.swift in Sources */ = {isa = PBXBuildFile; fileRef = B0D6EA4428409A5B002D10CE /* MapView.swift */; };
		B0D6EA4828409A87002D10CE /* LocationManager.swift in Sources */ = {isa = PBXBuildFile; fileRef = B0D6EA4728409A87002D10CE /* LocationManager.swift */; };
		B0D6EA4B28409A9D002D10CE /* CustomCell.swift in Sources */ = {isa = PBXBuildFile; fileRef = B0D6EA4A28409A9D002D10CE /* CustomCell.swift */; };
/* End PBXBuildFile section */

/* Begin PBXFileReference section */
		7EBEF4B0503F6113D26786F0 /* Pods-GoogleMaps-FoodDeliveryApp.debug.xcconfig */ = {isa = PBXFileReference; includeInIndex = 1; lastKnownFileType = text.xcconfig; name = "Pods-GoogleMaps-FoodDeliveryApp.debug.xcconfig"; path = "Target Support Files/Pods-GoogleMaps-FoodDeliveryApp/Pods-GoogleMaps-FoodDeliveryApp.debug.xcconfig"; sourceTree = "<group>"; };
		A3B6C4DC70598D3B8A492B41 /* Pods-GoogleMaps-FoodDeliveryApp.release.xcconfig */ = {isa = PBXFileReference; includeInIndex = 1; lastKnownFileType = text.xcconfig; name = "Pods-GoogleMaps-FoodDeliveryApp.release.xcconfig"; path = "Target Support Files/Pods-GoogleMaps-FoodDeliveryApp/Pods-GoogleMaps-FoodDeliveryApp.release.xcconfig"; sourceTree = "<group>"; };
		B036C40B288520660034A7EA /* Statics.swift */ = {isa = PBXFileReference; lastKnownFileType = sourcecode.swift; path = Statics.swift; sourceTree = "<group>"; };
		B036C40D288523600034A7EA /* NetworkingManager.swift */ = {isa = PBXFileReference; lastKnownFileType = sourcecode.swift; path = NetworkingManager.swift; sourceTree = "<group>"; };
		B036C40F288526330034A7EA /* DirectionManager.swift */ = {isa = PBXFileReference; lastKnownFileType = sourcecode.swift; path = DirectionManager.swift; sourceTree = "<group>"; };
		B036C411288528770034A7EA /* MapDirectionModel.swift */ = {isa = PBXFileReference; lastKnownFileType = sourcecode.swift; path = MapDirectionModel.swift; sourceTree = "<group>"; };
		B036C413288528D60034A7EA /* MapDirectionViewModel.swift */ = {isa = PBXFileReference; lastKnownFileType = sourcecode.swift; path = MapDirectionViewModel.swift; sourceTree = "<group>"; };
		B036C41528852F0C0034A7EA /* SearchManager.swift */ = {isa = PBXFileReference; lastKnownFileType = sourcecode.swift; path = SearchManager.swift; sourceTree = "<group>"; };
		B036C418288546E70034A7EA /* DirectionsView.swift */ = {isa = PBXFileReference; lastKnownFileType = sourcecode.swift; path = DirectionsView.swift; sourceTree = "<group>"; };
		B04F4CD4284098BB00648E76 /* GoogleMaps-FoodDeliveryApp.app */ = {isa = PBXFileReference; explicitFileType = wrapper.application; includeInIndex = 0; path = "GoogleMaps-FoodDeliveryApp.app"; sourceTree = BUILT_PRODUCTS_DIR; };
		B04F4CD7284098BB00648E76 /* GoogleMaps_FoodDeliveryAppApp.swift */ = {isa = PBXFileReference; lastKnownFileType = sourcecode.swift; path = GoogleMaps_FoodDeliveryAppApp.swift; sourceTree = "<group>"; };
		B04F4CDB284098BC00648E76 /* Assets.xcassets */ = {isa = PBXFileReference; lastKnownFileType = folder.assetcatalog; path = Assets.xcassets; sourceTree = "<group>"; };
		B04F4CDE284098BC00648E76 /* Preview Assets.xcassets */ = {isa = PBXFileReference; lastKnownFileType = folder.assetcatalog; path = "Preview Assets.xcassets"; sourceTree = "<group>"; };
		B04F4CE5284098DF00648E76 /* Info.plist */ = {isa = PBXFileReference; lastKnownFileType = text.plist; path = Info.plist; sourceTree = "<group>"; };
		B04F6A2C2887B48600B74989 /* CustomTextField.swift */ = {isa = PBXFileReference; lastKnownFileType = sourcecode.swift; path = CustomTextField.swift; sourceTree = "<group>"; };
		B04F6A2E2887B87A00B74989 /* DirectionSearchView.swift */ = {isa = PBXFileReference; lastKnownFileType = sourcecode.swift; path = DirectionSearchView.swift; sourceTree = "<group>"; };
		B04F6A312887B9E100B74989 /* DirectionSearchViewModel.swift */ = {isa = PBXFileReference; lastKnownFileType = sourcecode.swift; path = DirectionSearchViewModel.swift; sourceTree = "<group>"; };
		B04F6A342887CB7600B74989 /* DirectionMapView.swift */ = {isa = PBXFileReference; lastKnownFileType = sourcecode.swift; path = DirectionMapView.swift; sourceTree = "<group>"; };
		B04F6A362887E29900B74989 /* DirectionMapViewController.swift */ = {isa = PBXFileReference; lastKnownFileType = sourcecode.swift; path = DirectionMapViewController.swift; sourceTree = "<group>"; };
		B04F6A382887E74400B74989 /* DirectionMapViewModel.swift */ = {isa = PBXFileReference; lastKnownFileType = sourcecode.swift; path = DirectionMapViewModel.swift; sourceTree = "<group>"; };
		B04F6A562889523200B74989 /* DirectionLocationManager.swift */ = {isa = PBXFileReference; lastKnownFileType = sourcecode.swift; path = DirectionLocationManager.swift; sourceTree = "<group>"; };
		B04F6A5A288A84AA00B74989 /* StateHandler.swift */ = {isa = PBXFileReference; lastKnownFileType = sourcecode.swift; path = StateHandler.swift; sourceTree = "<group>"; };
		B04F6A5F288AC4E600B74989 /* InfoView.swift */ = {isa = PBXFileReference; lastKnownFileType = sourcecode.swift; path = InfoView.swift; sourceTree = "<group>"; };
		B05B5C3628447F1D005B1AB7 /* HomeViewModel.swift */ = {isa = PBXFileReference; lastKnownFileType = sourcecode.swift; path = HomeViewModel.swift; sourceTree = "<group>"; };
		B0D6EA31284099B2002D10CE /* HomeView.swift */ = {isa = PBXFileReference; lastKnownFileType = sourcecode.swift; path = HomeView.swift; sourceTree = "<group>"; };
		B0D6EA34284099CD002D10CE /* SearchView.swift */ = {isa = PBXFileReference; lastKnownFileType = sourcecode.swift; path = SearchView.swift; sourceTree = "<group>"; };
		B0D6EA36284099E2002D10CE /* SearchViewModel.swift */ = {isa = PBXFileReference; lastKnownFileType = sourcecode.swift; path = SearchViewModel.swift; sourceTree = "<group>"; };
		B0D6EA3B28409A1E002D10CE /* SearchResultModel.swift */ = {isa = PBXFileReference; lastKnownFileType = sourcecode.swift; path = SearchResultModel.swift; sourceTree = "<group>"; };
		B0D6EA3E28409A41002D10CE /* MapViewModel.swift */ = {isa = PBXFileReference; lastKnownFileType = sourcecode.swift; path = MapViewModel.swift; sourceTree = "<group>"; };
		B0D6EA4028409A48002D10CE /* GoogleMapManager.swift */ = {isa = PBXFileReference; lastKnownFileType = sourcecode.swift; name = GoogleMapManager.swift; path = ../GoogleMapManager.swift; sourceTree = "<group>"; };
		B0D6EA4228409A54002D10CE /* MapViewController.swift */ = {isa = PBXFileReference; lastKnownFileType = sourcecode.swift; path = MapViewController.swift; sourceTree = "<group>"; };
		B0D6EA4428409A5B002D10CE /* MapView.swift */ = {isa = PBXFileReference; lastKnownFileType = sourcecode.swift; path = MapView.swift; sourceTree = "<group>"; };
		B0D6EA4728409A87002D10CE /* LocationManager.swift */ = {isa = PBXFileReference; lastKnownFileType = sourcecode.swift; path = LocationManager.swift; sourceTree = "<group>"; };
		B0D6EA4A28409A9D002D10CE /* CustomCell.swift */ = {isa = PBXFileReference; lastKnownFileType = sourcecode.swift; path = CustomCell.swift; sourceTree = "<group>"; };
		E2F34BABA08BFB824349170C /* Pods_GoogleMaps_FoodDeliveryApp.framework */ = {isa = PBXFileReference; explicitFileType = wrapper.framework; includeInIndex = 0; path = Pods_GoogleMaps_FoodDeliveryApp.framework; sourceTree = BUILT_PRODUCTS_DIR; };
/* End PBXFileReference section */

/* Begin PBXFrameworksBuildPhase section */
		B04F4CD1284098BB00648E76 /* Frameworks */ = {
			isa = PBXFrameworksBuildPhase;
			buildActionMask = 2147483647;
			files = (
				98A74A0BBFD63A57BE88993C /* Pods_GoogleMaps_FoodDeliveryApp.framework in Frameworks */,
			);
			runOnlyForDeploymentPostprocessing = 0;
		};
/* End PBXFrameworksBuildPhase section */

/* Begin PBXGroup section */
		7E4B8017FDC06FB8FEDE581D /* Frameworks */ = {
			isa = PBXGroup;
			children = (
				E2F34BABA08BFB824349170C /* Pods_GoogleMaps_FoodDeliveryApp.framework */,
			);
			name = Frameworks;
			sourceTree = "<group>";
		};
		8451A3DD4052DBCE4360CD8E /* Pods */ = {
			isa = PBXGroup;
			children = (
				7EBEF4B0503F6113D26786F0 /* Pods-GoogleMaps-FoodDeliveryApp.debug.xcconfig */,
				A3B6C4DC70598D3B8A492B41 /* Pods-GoogleMaps-FoodDeliveryApp.release.xcconfig */,
			);
			path = Pods;
			sourceTree = "<group>";
		};
		B036C40A2885205D0034A7EA /* Statics */ = {
			isa = PBXGroup;
			children = (
				B036C40B288520660034A7EA /* Statics.swift */,
			);
			path = Statics;
			sourceTree = "<group>";
		};
		B036C41728853E6E0034A7EA /* Directions */ = {
			isa = PBXGroup;
			children = (
				B036C418288546E70034A7EA /* DirectionsView.swift */,
				B036C413288528D60034A7EA /* MapDirectionViewModel.swift */,
				B036C411288528770034A7EA /* MapDirectionModel.swift */,
			);
			path = Directions;
			sourceTree = "<group>";
		};
		B04F4CCB284098BB00648E76 = {
			isa = PBXGroup;
			children = (
				B04F4CD6284098BB00648E76 /* GoogleMaps-FoodDeliveryApp */,
				B04F4CD5284098BB00648E76 /* Products */,
				8451A3DD4052DBCE4360CD8E /* Pods */,
				7E4B8017FDC06FB8FEDE581D /* Frameworks */,
			);
			sourceTree = "<group>";
		};
		B04F4CD5284098BB00648E76 /* Products */ = {
			isa = PBXGroup;
			children = (
				B04F4CD4284098BB00648E76 /* GoogleMaps-FoodDeliveryApp.app */,
			);
			name = Products;
			sourceTree = "<group>";
		};
		B04F4CD6284098BB00648E76 /* GoogleMaps-FoodDeliveryApp */ = {
			isa = PBXGroup;
			children = (
				B0D6EA30284099AA002D10CE /* Home */,
				B0D6EA33284099C7002D10CE /* Search */,
				B0D6EA3D28409A3A002D10CE /* Map */,
				B0D6EA4628409A7C002D10CE /* Manager */,
				B036C41728853E6E0034A7EA /* Directions */,
				B04F6A302887B9BF00B74989 /* DirectionSearch */,
				B04F6A332887C74B00B74989 /* DirectionMap */,
				B04F6A5C288AC4CD00B74989 /* Info */,
				B04F6A292887B46800B74989 /* ReusableViews */,
				B036C40A2885205D0034A7EA /* Statics */,
				B0D6EA4928409A95002D10CE /* CustomCell */,
				B04F4CE5284098DF00648E76 /* Info.plist */,
				B04F4CD7284098BB00648E76 /* GoogleMaps_FoodDeliveryAppApp.swift */,
				B04F4CDB284098BC00648E76 /* Assets.xcassets */,
				B04F4CDD284098BC00648E76 /* Preview Content */,
			);
			path = "GoogleMaps-FoodDeliveryApp";
			sourceTree = "<group>";
		};
		B04F4CDD284098BC00648E76 /* Preview Content */ = {
			isa = PBXGroup;
			children = (
				B04F4CDE284098BC00648E76 /* Preview Assets.xcassets */,
			);
			path = "Preview Content";
			sourceTree = "<group>";
		};
		B04F6A292887B46800B74989 /* ReusableViews */ = {
			isa = PBXGroup;
			children = (
				B04F6A2C2887B48600B74989 /* CustomTextField.swift */,
			);
			path = ReusableViews;
			sourceTree = "<group>";
		};
		B04F6A302887B9BF00B74989 /* DirectionSearch */ = {
			isa = PBXGroup;
			children = (
				B04F6A2E2887B87A00B74989 /* DirectionSearchView.swift */,
				B04F6A312887B9E100B74989 /* DirectionSearchViewModel.swift */,
			);
			path = DirectionSearch;
			sourceTree = "<group>";
		};
		B04F6A332887C74B00B74989 /* DirectionMap */ = {
			isa = PBXGroup;
			children = (
				B04F6A342887CB7600B74989 /* DirectionMapView.swift */,
				B04F6A362887E29900B74989 /* DirectionMapViewController.swift */,
				B04F6A382887E74400B74989 /* DirectionMapViewModel.swift */,
				B04F6A562889523200B74989 /* DirectionLocationManager.swift */,
				B04F6A5A288A84AA00B74989 /* StateHandler.swift */,
			);
			path = DirectionMap;
			sourceTree = "<group>";
		};
		B04F6A5C288AC4CD00B74989 /* Info */ = {
			isa = PBXGroup;
			children = (
				B04F6A5F288AC4E600B74989 /* InfoView.swift */,
			);
			path = Info;
			sourceTree = "<group>";
		};
		B0D6EA30284099AA002D10CE /* Home */ = {
			isa = PBXGroup;
			children = (
				B0D6EA31284099B2002D10CE /* HomeView.swift */,
				B05B5C3628447F1D005B1AB7 /* HomeViewModel.swift */,
			);
			path = Home;
			sourceTree = "<group>";
		};
		B0D6EA33284099C7002D10CE /* Search */ = {
			isa = PBXGroup;
			children = (
				B0D6EA34284099CD002D10CE /* SearchView.swift */,
				B0D6EA36284099E2002D10CE /* SearchViewModel.swift */,
				B0D6EA3B28409A1E002D10CE /* SearchResultModel.swift */,
			);
			path = Search;
			sourceTree = "<group>";
		};
		B0D6EA3D28409A3A002D10CE /* Map */ = {
			isa = PBXGroup;
			children = (
				B0D6EA3E28409A41002D10CE /* MapViewModel.swift */,
				B0D6EA4228409A54002D10CE /* MapViewController.swift */,
				B0D6EA4428409A5B002D10CE /* MapView.swift */,
			);
			path = Map;
			sourceTree = "<group>";
		};
		B0D6EA4628409A7C002D10CE /* Manager */ = {
			isa = PBXGroup;
			children = (
				B0D6EA4728409A87002D10CE /* LocationManager.swift */,
				B0D6EA4028409A48002D10CE /* GoogleMapManager.swift */,
				B036C40D288523600034A7EA /* NetworkingManager.swift */,
				B036C40F288526330034A7EA /* DirectionManager.swift */,
				B036C41528852F0C0034A7EA /* SearchManager.swift */,
			);
			path = Manager;
			sourceTree = "<group>";
		};
		B0D6EA4928409A95002D10CE /* CustomCell */ = {
			isa = PBXGroup;
			children = (
				B0D6EA4A28409A9D002D10CE /* CustomCell.swift */,
			);
			path = CustomCell;
			sourceTree = "<group>";
		};
/* End PBXGroup section */

/* Begin PBXNativeTarget section */
		B04F4CD3284098BB00648E76 /* GoogleMaps-FoodDeliveryApp */ = {
			isa = PBXNativeTarget;
			buildConfigurationList = B04F4CE2284098BC00648E76 /* Build configuration list for PBXNativeTarget "GoogleMaps-FoodDeliveryApp" */;
			buildPhases = (
				47614ECA2C920FFD25072980 /* [CP] Check Pods Manifest.lock */,
				B04F4CD0284098BB00648E76 /* Sources */,
				B04F4CD1284098BB00648E76 /* Frameworks */,
				B04F4CD2284098BB00648E76 /* Resources */,
				449A5FE4675E9524B3EAC738 /* [CP] Copy Pods Resources */,
			);
			buildRules = (
			);
			dependencies = (
			);
			name = "GoogleMaps-FoodDeliveryApp";
			productName = "GoogleMaps-FoodDeliveryApp";
			productReference = B04F4CD4284098BB00648E76 /* GoogleMaps-FoodDeliveryApp.app */;
			productType = "com.apple.product-type.application";
		};
/* End PBXNativeTarget section */

/* Begin PBXProject section */
		B04F4CCC284098BB00648E76 /* Project object */ = {
			isa = PBXProject;
			attributes = {
				BuildIndependentTargetsInParallel = 1;
				LastSwiftUpdateCheck = 1340;
				LastUpgradeCheck = 1340;
				TargetAttributes = {
					B04F4CD3284098BB00648E76 = {
						CreatedOnToolsVersion = 13.4;
					};
				};
			};
			buildConfigurationList = B04F4CCF284098BB00648E76 /* Build configuration list for PBXProject "GoogleMaps-FoodDeliveryApp" */;
			compatibilityVersion = "Xcode 13.0";
			developmentRegion = en;
			hasScannedForEncodings = 0;
			knownRegions = (
				en,
				Base,
			);
			mainGroup = B04F4CCB284098BB00648E76;
			productRefGroup = B04F4CD5284098BB00648E76 /* Products */;
			projectDirPath = "";
			projectRoot = "";
			targets = (
				B04F4CD3284098BB00648E76 /* GoogleMaps-FoodDeliveryApp */,
			);
		};
/* End PBXProject section */

/* Begin PBXResourcesBuildPhase section */
		B04F4CD2284098BB00648E76 /* Resources */ = {
			isa = PBXResourcesBuildPhase;
			buildActionMask = 2147483647;
			files = (
				B04F4CDF284098BC00648E76 /* Preview Assets.xcassets in Resources */,
				B04F4CDC284098BC00648E76 /* Assets.xcassets in Resources */,
			);
			runOnlyForDeploymentPostprocessing = 0;
		};
/* End PBXResourcesBuildPhase section */

/* Begin PBXShellScriptBuildPhase section */
		449A5FE4675E9524B3EAC738 /* [CP] Copy Pods Resources */ = {
			isa = PBXShellScriptBuildPhase;
			buildActionMask = 2147483647;
			files = (
			);
			inputFileListPaths = (
				"${PODS_ROOT}/Target Support Files/Pods-GoogleMaps-FoodDeliveryApp/Pods-GoogleMaps-FoodDeliveryApp-resources-${CONFIGURATION}-input-files.xcfilelist",
			);
			name = "[CP] Copy Pods Resources";
			outputFileListPaths = (
				"${PODS_ROOT}/Target Support Files/Pods-GoogleMaps-FoodDeliveryApp/Pods-GoogleMaps-FoodDeliveryApp-resources-${CONFIGURATION}-output-files.xcfilelist",
			);
			runOnlyForDeploymentPostprocessing = 0;
			shellPath = /bin/sh;
			shellScript = "\"${PODS_ROOT}/Target Support Files/Pods-GoogleMaps-FoodDeliveryApp/Pods-GoogleMaps-FoodDeliveryApp-resources.sh\"\n";
			showEnvVarsInLog = 0;
		};
		47614ECA2C920FFD25072980 /* [CP] Check Pods Manifest.lock */ = {
			isa = PBXShellScriptBuildPhase;
			buildActionMask = 2147483647;
			files = (
			);
			inputFileListPaths = (
			);
			inputPaths = (
				"${PODS_PODFILE_DIR_PATH}/Podfile.lock",
				"${PODS_ROOT}/Manifest.lock",
			);
			name = "[CP] Check Pods Manifest.lock";
			outputFileListPaths = (
			);
			outputPaths = (
				"$(DERIVED_FILE_DIR)/Pods-GoogleMaps-FoodDeliveryApp-checkManifestLockResult.txt",
			);
			runOnlyForDeploymentPostprocessing = 0;
			shellPath = /bin/sh;
			shellScript = "diff \"${PODS_PODFILE_DIR_PATH}/Podfile.lock\" \"${PODS_ROOT}/Manifest.lock\" > /dev/null\nif [ $? != 0 ] ; then\n    # print error to STDERR\n    echo \"error: The sandbox is not in sync with the Podfile.lock. Run 'pod install' or update your CocoaPods installation.\" >&2\n    exit 1\nfi\n# This output is used by Xcode 'outputs' to avoid re-running this script phase.\necho \"SUCCESS\" > \"${SCRIPT_OUTPUT_FILE_0}\"\n";
			showEnvVarsInLog = 0;
		};
/* End PBXShellScriptBuildPhase section */

/* Begin PBXSourcesBuildPhase section */
		B04F4CD0284098BB00648E76 /* Sources */ = {
			isa = PBXSourcesBuildPhase;
			buildActionMask = 2147483647;
			files = (
				B0D6EA35284099CD002D10CE /* SearchView.swift in Sources */,
				B0D6EA4B28409A9D002D10CE /* CustomCell.swift in Sources */,
				B04F6A572889523200B74989 /* DirectionLocationManager.swift in Sources */,
				B036C412288528770034A7EA /* MapDirectionModel.swift in Sources */,
				B04F6A5B288A84AA00B74989 /* StateHandler.swift in Sources */,
				B04F6A322887B9E100B74989 /* DirectionSearchViewModel.swift in Sources */,
				B036C419288546E70034A7EA /* DirectionsView.swift in Sources */,
				B0D6EA37284099E2002D10CE /* SearchViewModel.swift in Sources */,
				B0D6EA32284099B2002D10CE /* HomeView.swift in Sources */,
				B0D6EA4528409A5B002D10CE /* MapView.swift in Sources */,
				B0D6EA4328409A54002D10CE /* MapViewController.swift in Sources */,
				B0D6EA3C28409A1E002D10CE /* SearchResultModel.swift in Sources */,
				B04F6A352887CB7600B74989 /* DirectionMapView.swift in Sources */,
				B0D6EA4128409A48002D10CE /* GoogleMapManager.swift in Sources */,
				B05B5C3728447F1D005B1AB7 /* HomeViewModel.swift in Sources */,
				B0D6EA4828409A87002D10CE /* LocationManager.swift in Sources */,
				B04F4CD8284098BB00648E76 /* GoogleMaps_FoodDeliveryAppApp.swift in Sources */,
				B04F6A2F2887B87A00B74989 /* DirectionSearchView.swift in Sources */,
				B04F6A2D2887B48600B74989 /* CustomTextField.swift in Sources */,
				B036C410288526330034A7EA /* DirectionManager.swift in Sources */,
				B04F6A60288AC4E600B74989 /* InfoView.swift in Sources */,
				B036C414288528D60034A7EA /* MapDirectionViewModel.swift in Sources */,
				B036C40C288520660034A7EA /* Statics.swift in Sources */,
				B04F6A392887E74400B74989 /* DirectionMapViewModel.swift in Sources */,
				B036C41628852F0C0034A7EA /* SearchManager.swift in Sources */,
				B04F6A372887E29900B74989 /* DirectionMapViewController.swift in Sources */,
				B0D6EA3F28409A41002D10CE /* MapViewModel.swift in Sources */,
				B036C40E288523600034A7EA /* NetworkingManager.swift in Sources */,
			);
			runOnlyForDeploymentPostprocessing = 0;
		};
/* End PBXSourcesBuildPhase section */

/* Begin XCBuildConfiguration section */
		B04F4CE0284098BC00648E76 /* Debug */ = {
			isa = XCBuildConfiguration;
			buildSettings = {
				ALWAYS_SEARCH_USER_PATHS = NO;
				CLANG_ANALYZER_NONNULL = YES;
				CLANG_ANALYZER_NUMBER_OBJECT_CONVERSION = YES_AGGRESSIVE;
				CLANG_CXX_LANGUAGE_STANDARD = "gnu++17";
				CLANG_ENABLE_MODULES = YES;
				CLANG_ENABLE_OBJC_ARC = YES;
				CLANG_ENABLE_OBJC_WEAK = YES;
				CLANG_WARN_BLOCK_CAPTURE_AUTORELEASING = YES;
				CLANG_WARN_BOOL_CONVERSION = YES;
				CLANG_WARN_COMMA = YES;
				CLANG_WARN_CONSTANT_CONVERSION = YES;
				CLANG_WARN_DEPRECATED_OBJC_IMPLEMENTATIONS = YES;
				CLANG_WARN_DIRECT_OBJC_ISA_USAGE = YES_ERROR;
				CLANG_WARN_DOCUMENTATION_COMMENTS = YES;
				CLANG_WARN_EMPTY_BODY = YES;
				CLANG_WARN_ENUM_CONVERSION = YES;
				CLANG_WARN_INFINITE_RECURSION = YES;
				CLANG_WARN_INT_CONVERSION = YES;
				CLANG_WARN_NON_LITERAL_NULL_CONVERSION = YES;
				CLANG_WARN_OBJC_IMPLICIT_RETAIN_SELF = YES;
				CLANG_WARN_OBJC_LITERAL_CONVERSION = YES;
				CLANG_WARN_OBJC_ROOT_CLASS = YES_ERROR;
				CLANG_WARN_QUOTED_INCLUDE_IN_FRAMEWORK_HEADER = YES;
				CLANG_WARN_RANGE_LOOP_ANALYSIS = YES;
				CLANG_WARN_STRICT_PROTOTYPES = YES;
				CLANG_WARN_SUSPICIOUS_MOVE = YES;
				CLANG_WARN_UNGUARDED_AVAILABILITY = YES_AGGRESSIVE;
				CLANG_WARN_UNREACHABLE_CODE = YES;
				CLANG_WARN__DUPLICATE_METHOD_MATCH = YES;
				COPY_PHASE_STRIP = NO;
				DEBUG_INFORMATION_FORMAT = dwarf;
				ENABLE_STRICT_OBJC_MSGSEND = YES;
				ENABLE_TESTABILITY = YES;
				GCC_C_LANGUAGE_STANDARD = gnu11;
				GCC_DYNAMIC_NO_PIC = NO;
				GCC_NO_COMMON_BLOCKS = YES;
				GCC_OPTIMIZATION_LEVEL = 0;
				GCC_PREPROCESSOR_DEFINITIONS = (
					"DEBUG=1",
					"$(inherited)",
				);
				GCC_WARN_64_TO_32_BIT_CONVERSION = YES;
				GCC_WARN_ABOUT_RETURN_TYPE = YES_ERROR;
				GCC_WARN_UNDECLARED_SELECTOR = YES;
				GCC_WARN_UNINITIALIZED_AUTOS = YES_AGGRESSIVE;
				GCC_WARN_UNUSED_FUNCTION = YES;
				GCC_WARN_UNUSED_VARIABLE = YES;
				IPHONEOS_DEPLOYMENT_TARGET = 15.0;
				MTL_ENABLE_DEBUG_INFO = INCLUDE_SOURCE;
				MTL_FAST_MATH = YES;
				ONLY_ACTIVE_ARCH = YES;
				SDKROOT = iphoneos;
				SWIFT_ACTIVE_COMPILATION_CONDITIONS = DEBUG;
				SWIFT_OPTIMIZATION_LEVEL = "-Onone";
			};
			name = Debug;
		};
		B04F4CE1284098BC00648E76 /* Release */ = {
			isa = XCBuildConfiguration;
			buildSettings = {
				ALWAYS_SEARCH_USER_PATHS = NO;
				CLANG_ANALYZER_NONNULL = YES;
				CLANG_ANALYZER_NUMBER_OBJECT_CONVERSION = YES_AGGRESSIVE;
				CLANG_CXX_LANGUAGE_STANDARD = "gnu++17";
				CLANG_ENABLE_MODULES = YES;
				CLANG_ENABLE_OBJC_ARC = YES;
				CLANG_ENABLE_OBJC_WEAK = YES;
				CLANG_WARN_BLOCK_CAPTURE_AUTORELEASING = YES;
				CLANG_WARN_BOOL_CONVERSION = YES;
				CLANG_WARN_COMMA = YES;
				CLANG_WARN_CONSTANT_CONVERSION = YES;
				CLANG_WARN_DEPRECATED_OBJC_IMPLEMENTATIONS = YES;
				CLANG_WARN_DIRECT_OBJC_ISA_USAGE = YES_ERROR;
				CLANG_WARN_DOCUMENTATION_COMMENTS = YES;
				CLANG_WARN_EMPTY_BODY = YES;
				CLANG_WARN_ENUM_CONVERSION = YES;
				CLANG_WARN_INFINITE_RECURSION = YES;
				CLANG_WARN_INT_CONVERSION = YES;
				CLANG_WARN_NON_LITERAL_NULL_CONVERSION = YES;
				CLANG_WARN_OBJC_IMPLICIT_RETAIN_SELF = YES;
				CLANG_WARN_OBJC_LITERAL_CONVERSION = YES;
				CLANG_WARN_OBJC_ROOT_CLASS = YES_ERROR;
				CLANG_WARN_QUOTED_INCLUDE_IN_FRAMEWORK_HEADER = YES;
				CLANG_WARN_RANGE_LOOP_ANALYSIS = YES;
				CLANG_WARN_STRICT_PROTOTYPES = YES;
				CLANG_WARN_SUSPICIOUS_MOVE = YES;
				CLANG_WARN_UNGUARDED_AVAILABILITY = YES_AGGRESSIVE;
				CLANG_WARN_UNREACHABLE_CODE = YES;
				CLANG_WARN__DUPLICATE_METHOD_MATCH = YES;
				COPY_PHASE_STRIP = NO;
				DEBUG_INFORMATION_FORMAT = "dwarf-with-dsym";
				ENABLE_NS_ASSERTIONS = NO;
				ENABLE_STRICT_OBJC_MSGSEND = YES;
				GCC_C_LANGUAGE_STANDARD = gnu11;
				GCC_NO_COMMON_BLOCKS = YES;
				GCC_WARN_64_TO_32_BIT_CONVERSION = YES;
				GCC_WARN_ABOUT_RETURN_TYPE = YES_ERROR;
				GCC_WARN_UNDECLARED_SELECTOR = YES;
				GCC_WARN_UNINITIALIZED_AUTOS = YES_AGGRESSIVE;
				GCC_WARN_UNUSED_FUNCTION = YES;
				GCC_WARN_UNUSED_VARIABLE = YES;
				IPHONEOS_DEPLOYMENT_TARGET = 15.0;
				MTL_ENABLE_DEBUG_INFO = NO;
				MTL_FAST_MATH = YES;
				SDKROOT = iphoneos;
				SWIFT_COMPILATION_MODE = wholemodule;
				SWIFT_OPTIMIZATION_LEVEL = "-O";
				VALIDATE_PRODUCT = YES;
			};
			name = Release;
		};
		B04F4CE3284098BC00648E76 /* Debug */ = {
			isa = XCBuildConfiguration;
			baseConfigurationReference = 7EBEF4B0503F6113D26786F0 /* Pods-GoogleMaps-FoodDeliveryApp.debug.xcconfig */;
			buildSettings = {
				ASSETCATALOG_COMPILER_APPICON_NAME = AppIcon;
				ASSETCATALOG_COMPILER_GLOBAL_ACCENT_COLOR_NAME = AccentColor;
				CODE_SIGN_STYLE = Automatic;
				CURRENT_PROJECT_VERSION = 1;
				DEVELOPMENT_ASSET_PATHS = "\"GoogleMaps-FoodDeliveryApp/Preview Content\"";
				DEVELOPMENT_TEAM = NF89CMS79F;
				ENABLE_PREVIEWS = YES;
				GENERATE_INFOPLIST_FILE = YES;
				INFOPLIST_FILE = "GoogleMaps-FoodDeliveryApp/Info.plist";
				INFOPLIST_KEY_UIApplicationSceneManifest_Generation = YES;
				INFOPLIST_KEY_UIApplicationSupportsIndirectInputEvents = YES;
				INFOPLIST_KEY_UILaunchScreen_Generation = YES;
				INFOPLIST_KEY_UISupportedInterfaceOrientations_iPad = "UIInterfaceOrientationPortrait UIInterfaceOrientationPortraitUpsideDown UIInterfaceOrientationLandscapeLeft UIInterfaceOrientationLandscapeRight";
				INFOPLIST_KEY_UISupportedInterfaceOrientations_iPhone = "UIInterfaceOrientationPortrait UIInterfaceOrientationLandscapeLeft UIInterfaceOrientationLandscapeRight";
				LD_RUNPATH_SEARCH_PATHS = (
					"$(inherited)",
					"@executable_path/Frameworks",
				);
				MARKETING_VERSION = 1.0;
				PRODUCT_BUNDLE_IDENTIFIER = "com.Mohan.GoogleMaps-FoodDeliveryApp";
				PRODUCT_NAME = "$(TARGET_NAME)";
				SWIFT_EMIT_LOC_STRINGS = YES;
				SWIFT_VERSION = 5.0;
				TARGETED_DEVICE_FAMILY = 1;
			};
			name = Debug;
		};
		B04F4CE4284098BC00648E76 /* Release */ = {
			isa = XCBuildConfiguration;
			baseConfigurationReference = A3B6C4DC70598D3B8A492B41 /* Pods-GoogleMaps-FoodDeliveryApp.release.xcconfig */;
			buildSettings = {
				ASSETCATALOG_COMPILER_APPICON_NAME = AppIcon;
				ASSETCATALOG_COMPILER_GLOBAL_ACCENT_COLOR_NAME = AccentColor;
				CODE_SIGN_STYLE = Automatic;
				CURRENT_PROJECT_VERSION = 1;
				DEVELOPMENT_ASSET_PATHS = "\"GoogleMaps-FoodDeliveryApp/Preview Content\"";
				DEVELOPMENT_TEAM = NF89CMS79F;
				ENABLE_PREVIEWS = YES;
				GENERATE_INFOPLIST_FILE = YES;
				INFOPLIST_FILE = "GoogleMaps-FoodDeliveryApp/Info.plist";
				INFOPLIST_KEY_UIApplicationSceneManifest_Generation = YES;
				INFOPLIST_KEY_UIApplicationSupportsIndirectInputEvents = YES;
				INFOPLIST_KEY_UILaunchScreen_Generation = YES;
				INFOPLIST_KEY_UISupportedInterfaceOrientations_iPad = "UIInterfaceOrientationPortrait UIInterfaceOrientationPortraitUpsideDown UIInterfaceOrientationLandscapeLeft UIInterfaceOrientationLandscapeRight";
				INFOPLIST_KEY_UISupportedInterfaceOrientations_iPhone = "UIInterfaceOrientationPortrait UIInterfaceOrientationLandscapeLeft UIInterfaceOrientationLandscapeRight";
				LD_RUNPATH_SEARCH_PATHS = (
					"$(inherited)",
					"@executable_path/Frameworks",
				);
				MARKETING_VERSION = 1.0;
				PRODUCT_BUNDLE_IDENTIFIER = "com.Mohan.GoogleMaps-FoodDeliveryApp";
				PRODUCT_NAME = "$(TARGET_NAME)";
				SWIFT_EMIT_LOC_STRINGS = YES;
				SWIFT_VERSION = 5.0;
				TARGETED_DEVICE_FAMILY = 1;
			};
			name = Release;
		};
/* End XCBuildConfiguration section */

/* Begin XCConfigurationList section */
		B04F4CCF284098BB00648E76 /* Build configuration list for PBXProject "GoogleMaps-FoodDeliveryApp" */ = {
			isa = XCConfigurationList;
			buildConfigurations = (
				B04F4CE0284098BC00648E76 /* Debug */,
				B04F4CE1284098BC00648E76 /* Release */,
			);
			defaultConfigurationIsVisible = 0;
			defaultConfigurationName = Release;
		};
		B04F4CE2284098BC00648E76 /* Build configuration list for PBXNativeTarget "GoogleMaps-FoodDeliveryApp" */ = {
			isa = XCConfigurationList;
			buildConfigurations = (
				B04F4CE3284098BC00648E76 /* Debug */,
				B04F4CE4284098BC00648E76 /* Release */,
			);
			defaultConfigurationIsVisible = 0;
			defaultConfigurationName = Release;
		};
/* End XCConfigurationList section */
	};
	rootObject = B04F4CCC284098BB00648E76 /* Project object */;
}
